
Microsoft Visual Studio Solution File, Format Version 12.00
# Visual Studio Version 17
VisualStudioVersion = 17.8.34408.163
MinimumVisualStudioVersion = 10.0.40219.1
Project("{FAE04EC0-301F-11D3-BF4B-00C04F79EFBC}") = "Palindrom cheak", "Palindrom cheak\Palindrom cheak.csproj", "{478E34FF-9B77-48F9-BF67-7129134EB8A9}"
EndProject
Global
	GlobalSection(SolutionConfigurationPlatforms) = preSolution
		Debug|Any CPU = Debug|Any CPU
		Release|Any CPU = Release|Any CPU
	EndGlobalSection
	GlobalSection(ProjectConfigurationPlatforms) = postSolution
		{478E34FF-9B77-48F9-BF67-7129134EB8A9}.Debug|Any CPU.ActiveCfg = Debug|Any CPU
		{478E34FF-9B77-48F9-BF67-7129134EB8A9}.Debug|Any CPU.Build.0 = Debug|Any CPU
		{478E34FF-9B77-48F9-BF67-7129134EB8A9}.Release|Any CPU.ActiveCfg = Release|Any CPU
		{478E34FF-9B77-48F9-BF67-7129134EB8A9}.Release|Any CPU.Build.0 = Release|Any CPU
	EndGlobalSection
	GlobalSection(SolutionProperties) = preSolution
		HideSolutionNode = FALSE
	EndGlobalSection
	GlobalSection(ExtensibilityGlobals) = postSolution
		SolutionGuid = {FBA15181-6F34-483C-AC8A-F504BF743480}
	EndGlobalSection
EndGlobal
